
Microsoft Visual Studio Solution File, Format Version 12.00
# Visual Studio Version 16
VisualStudioVersion = 16.0.30503.244
MinimumVisualStudioVersion = 10.0.40219.1
Project("{FAE04EC0-301F-11D3-BF4B-00C04F79EFBC}") = "for and foreach", "for and foreach\for and foreach.csproj", "{6FA5352E-8AA4-4D7E-9960-F19B99C43969}"
EndProject
Global
	GlobalSection(SolutionConfigurationPlatforms) = preSolution
		Debug|Any CPU = Debug|Any CPU
		Release|Any CPU = Release|Any CPU
	EndGlobalSection
	GlobalSection(ProjectConfigurationPlatforms) = postSolution
		{6FA5352E-8AA4-4D7E-9960-F19B99C43969}.Debug|Any CPU.ActiveCfg = Debug|Any CPU
		{6FA5352E-8AA4-4D7E-9960-F19B99C43969}.Debug|Any CPU.Build.0 = Debug|Any CPU
		{6FA5352E-8AA4-4D7E-9960-F19B99C43969}.Release|Any CPU.ActiveCfg = Release|Any CPU
		{6FA5352E-8AA4-4D7E-9960-F19B99C43969}.Release|Any CPU.Build.0 = Release|Any CPU
	EndGlobalSection
	GlobalSection(SolutionProperties) = preSolution
		HideSolutionNode = FALSE
	EndGlobalSection
	GlobalSection(ExtensibilityGlobals) = postSolution
		SolutionGuid = {4576AAB9-F435-4407-9E77-AC68CEF69949}
	EndGlobalSection
EndGlobal
